
Microsoft Visual Studio Solution File, Format Version 12.00
# Visual Studio 2013
VisualStudioVersion = 12.0.30501.0
MinimumVisualStudioVersion = 10.0.40219.1
Project("{8BC9CEB8-8B4A-11D0-8D11-00A0C91BC942}") = "PC_unit", "GUIronny.vcxproj", "{287A03E9-7F05-468B-A99A-0FB6B2BC423F}"
EndProject
Global
	GlobalSection(SolutionConfigurationPlatforms) = preSolution
		Debug|Win32 = Debug|Win32
		Release|Win32 = Release|Win32
	EndGlobalSection
	GlobalSection(ProjectConfigurationPlatforms) = postSolution
		{287A03E9-7F05-468B-A99A-0FB6B2BC423F}.Debug|Win32.ActiveCfg = Debug|Win32
		{287A03E9-7F05-468B-A99A-0FB6B2BC423F}.Debug|Win32.Build.0 = Debug|Win32
		{287A03E9-7F05-468B-A99A-0FB6B2BC423F}.Release|Win32.ActiveCfg = Release|Win32
		{287A03E9-7F05-468B-A99A-0FB6B2BC423F}.Release|Win32.Build.0 = Release|Win32
	EndGlobalSection
	GlobalSection(SolutionProperties) = preSolution
		HideSolutionNode = FALSE
	EndGlobalSection
EndGlobal
